// !$*UTF8*$!
{
	archiveVersion = 1;
	classes = {
	};
	objectVersion = 56;
	objects = {

/* Begin PBXBuildFile section */
		C256D03A28FE8C3A00733253 /* BusinessDetail.swift in Sources */ = {isa = PBXBuildFile; fileRef = C256D03928FE8C3A00733253 /* BusinessDetail.swift */; };
		C256D03D28FE9AEA00733253 /* BusinessMap.swift in Sources */ = {isa = PBXBuildFile; fileRef = C256D03C28FE9AEA00733253 /* BusinessMap.swift */; };
		C2FAADB928FD417F0077AF30 /* SightSeeApp.swift in Sources */ = {isa = PBXBuildFile; fileRef = C2FAADB828FD417F0077AF30 /* SightSeeApp.swift */; };
		C2FAADBB28FD417F0077AF30 /* LaunchView.swift in Sources */ = {isa = PBXBuildFile; fileRef = C2FAADBA28FD417F0077AF30 /* LaunchView.swift */; };
		C2FAADBD28FD41890077AF30 /* Assets.xcassets in Resources */ = {isa = PBXBuildFile; fileRef = C2FAADBC28FD41890077AF30 /* Assets.xcassets */; };
		C2FAADC028FD41890077AF30 /* Preview Assets.xcassets in Resources */ = {isa = PBXBuildFile; fileRef = C2FAADBF28FD41890077AF30 /* Preview Assets.xcassets */; };
		C2FAADCA28FD43E90077AF30 /* ContentModel.swift in Sources */ = {isa = PBXBuildFile; fileRef = C2FAADC928FD43E90077AF30 /* ContentModel.swift */; };
		C2FAADCC28FD776F0077AF30 /* Business.swift in Sources */ = {isa = PBXBuildFile; fileRef = C2FAADCB28FD776E0077AF30 /* Business.swift */; };
		C2FAADCE28FD7A490077AF30 /* BusinessSearch.swift in Sources */ = {isa = PBXBuildFile; fileRef = C2FAADCD28FD7A490077AF30 /* BusinessSearch.swift */; };
		C2FAADD128FD84BB0077AF30 /* Constants.swift in Sources */ = {isa = PBXBuildFile; fileRef = C2FAADD028FD84BB0077AF30 /* Constants.swift */; };
		C2FAADD728FD88190077AF30 /* HomeView.swift in Sources */ = {isa = PBXBuildFile; fileRef = C2FAADD628FD88190077AF30 /* HomeView.swift */; };
		C2FAADDB28FD8E0C0077AF30 /* BusinessList.swift in Sources */ = {isa = PBXBuildFile; fileRef = C2FAADDA28FD8E0B0077AF30 /* BusinessList.swift */; };
		C2FAADDD28FD90F60077AF30 /* BusinessSectionHeader.swift in Sources */ = {isa = PBXBuildFile; fileRef = C2FAADDC28FD90F60077AF30 /* BusinessSectionHeader.swift */; };
		C2FAADDF28FD92180077AF30 /* BusinessSection.swift in Sources */ = {isa = PBXBuildFile; fileRef = C2FAADDE28FD92180077AF30 /* BusinessSection.swift */; };
		C2FAADE128FD98030077AF30 /* BusinessRow.swift in Sources */ = {isa = PBXBuildFile; fileRef = C2FAADE028FD98030077AF30 /* BusinessRow.swift */; };
/* End PBXBuildFile section */

/* Begin PBXFileReference section */
		C256D03928FE8C3A00733253 /* BusinessDetail.swift */ = {isa = PBXFileReference; lastKnownFileType = sourcecode.swift; path = BusinessDetail.swift; sourceTree = "<group>"; };
		C256D03C28FE9AEA00733253 /* BusinessMap.swift */ = {isa = PBXFileReference; lastKnownFileType = sourcecode.swift; path = BusinessMap.swift; sourceTree = "<group>"; };
		C2FAADB528FD417F0077AF30 /* SightSee.app */ = {isa = PBXFileReference; explicitFileType = wrapper.application; includeInIndex = 0; path = SightSee.app; sourceTree = BUILT_PRODUCTS_DIR; };
		C2FAADB828FD417F0077AF30 /* SightSeeApp.swift */ = {isa = PBXFileReference; lastKnownFileType = sourcecode.swift; path = SightSeeApp.swift; sourceTree = "<group>"; };
		C2FAADBA28FD417F0077AF30 /* LaunchView.swift */ = {isa = PBXFileReference; lastKnownFileType = sourcecode.swift; path = LaunchView.swift; sourceTree = "<group>"; };
		C2FAADBC28FD41890077AF30 /* Assets.xcassets */ = {isa = PBXFileReference; lastKnownFileType = folder.assetcatalog; path = Assets.xcassets; sourceTree = "<group>"; };
		C2FAADBF28FD41890077AF30 /* Preview Assets.xcassets */ = {isa = PBXFileReference; lastKnownFileType = folder.assetcatalog; path = "Preview Assets.xcassets"; sourceTree = "<group>"; };
		C2FAADC928FD43E90077AF30 /* ContentModel.swift */ = {isa = PBXFileReference; lastKnownFileType = sourcecode.swift; path = ContentModel.swift; sourceTree = "<group>"; };
		C2FAADCB28FD776E0077AF30 /* Business.swift */ = {isa = PBXFileReference; lastKnownFileType = sourcecode.swift; path = Business.swift; sourceTree = "<group>"; };
		C2FAADCD28FD7A490077AF30 /* BusinessSearch.swift */ = {isa = PBXFileReference; lastKnownFileType = sourcecode.swift; path = BusinessSearch.swift; sourceTree = "<group>"; };
		C2FAADD028FD84BB0077AF30 /* Constants.swift */ = {isa = PBXFileReference; lastKnownFileType = sourcecode.swift; path = Constants.swift; sourceTree = "<group>"; };
		C2FAADD628FD88190077AF30 /* HomeView.swift */ = {isa = PBXFileReference; lastKnownFileType = sourcecode.swift; path = HomeView.swift; sourceTree = "<group>"; };
		C2FAADDA28FD8E0B0077AF30 /* BusinessList.swift */ = {isa = PBXFileReference; lastKnownFileType = sourcecode.swift; path = BusinessList.swift; sourceTree = "<group>"; };
		C2FAADDC28FD90F60077AF30 /* BusinessSectionHeader.swift */ = {isa = PBXFileReference; lastKnownFileType = sourcecode.swift; path = BusinessSectionHeader.swift; sourceTree = "<group>"; };
		C2FAADDE28FD92180077AF30 /* BusinessSection.swift */ = {isa = PBXFileReference; lastKnownFileType = sourcecode.swift; path = BusinessSection.swift; sourceTree = "<group>"; };
		C2FAADE028FD98030077AF30 /* BusinessRow.swift */ = {isa = PBXFileReference; lastKnownFileType = sourcecode.swift; path = BusinessRow.swift; sourceTree = "<group>"; };
/* End PBXFileReference section */

/* Begin PBXFrameworksBuildPhase section */
		C2FAADB228FD417F0077AF30 /* Frameworks */ = {
			isa = PBXFrameworksBuildPhase;
			buildActionMask = 2147483647;
			files = (
			);
			runOnlyForDeploymentPostprocessing = 0;
		};
/* End PBXFrameworksBuildPhase section */

/* Begin PBXGroup section */
		C256D03828FE8C1000733253 /* Detail */ = {
			isa = PBXGroup;
			children = (
				C256D03928FE8C3A00733253 /* BusinessDetail.swift */,
			);
			path = Detail;
			sourceTree = "<group>";
		};
		C256D03B28FE9AC800733253 /* Map */ = {
			isa = PBXGroup;
			children = (
				C256D03C28FE9AEA00733253 /* BusinessMap.swift */,
			);
			path = Map;
			sourceTree = "<group>";
		};
		C2FAADAC28FD417F0077AF30 = {
			isa = PBXGroup;
			children = (
				C2FAADB728FD417F0077AF30 /* SightSee */,
				C2FAADB628FD417F0077AF30 /* Products */,
			);
			sourceTree = "<group>";
		};
		C2FAADB628FD417F0077AF30 /* Products */ = {
			isa = PBXGroup;
			children = (
				C2FAADB528FD417F0077AF30 /* SightSee.app */,
			);
			name = Products;
			sourceTree = "<group>";
		};
		C2FAADB728FD417F0077AF30 /* SightSee */ = {
			isa = PBXGroup;
			children = (
				C2FAADCF28FD84AD0077AF30 /* Helpers */,
				C2FAADB828FD417F0077AF30 /* SightSeeApp.swift */,
				C2FAADC828FD41F00077AF30 /* Views */,
				C2FAADC728FD41E70077AF30 /* ViewModels */,
				C2FAADC628FD41E00077AF30 /* Models */,
				C2FAADBC28FD41890077AF30 /* Assets.xcassets */,
				C2FAADBE28FD41890077AF30 /* Preview Content */,
			);
			path = SightSee;
			sourceTree = "<group>";
		};
		C2FAADBE28FD41890077AF30 /* Preview Content */ = {
			isa = PBXGroup;
			children = (
				C2FAADBF28FD41890077AF30 /* Preview Assets.xcassets */,
			);
			path = "Preview Content";
			sourceTree = "<group>";
		};
		C2FAADC628FD41E00077AF30 /* Models */ = {
			isa = PBXGroup;
			children = (
				C2FAADCB28FD776E0077AF30 /* Business.swift */,
				C2FAADCD28FD7A490077AF30 /* BusinessSearch.swift */,
			);
			path = Models;
			sourceTree = "<group>";
		};
		C2FAADC728FD41E70077AF30 /* ViewModels */ = {
			isa = PBXGroup;
			children = (
				C2FAADC928FD43E90077AF30 /* ContentModel.swift */,
			);
			path = ViewModels;
			sourceTree = "<group>";
		};
		C2FAADC828FD41F00077AF30 /* Views */ = {
			isa = PBXGroup;
			children = (
				C2FAADBA28FD417F0077AF30 /* LaunchView.swift */,
				C2FAADD528FD87FA0077AF30 /* Home */,
				C2FAADD428FD87F10077AF30 /* Onboarding */,
				C2FAADD328FD87E20077AF30 /* Denied */,
			);
			path = Views;
			sourceTree = "<group>";
		};
		C2FAADCF28FD84AD0077AF30 /* Helpers */ = {
			isa = PBXGroup;
			children = (
				C2FAADD028FD84BB0077AF30 /* Constants.swift */,
			);
			path = Helpers;
			sourceTree = "<group>";
		};
		C2FAADD328FD87E20077AF30 /* Denied */ = {
			isa = PBXGroup;
			children = (
			);
			path = Denied;
			sourceTree = "<group>";
		};
		C2FAADD428FD87F10077AF30 /* Onboarding */ = {
			isa = PBXGroup;
			children = (
			);
			path = Onboarding;
			sourceTree = "<group>";
		};
		C2FAADD528FD87FA0077AF30 /* Home */ = {
			isa = PBXGroup;
			children = (
				C2FAADD628FD88190077AF30 /* HomeView.swift */,
				C256D03B28FE9AC800733253 /* Map */,
				C2FAADD928FD8DED0077AF30 /* Detail */,
				C2FAADD828FD8DE20077AF30 /* List */,
			);
			path = Home;
			sourceTree = "<group>";
		};
		C2FAADD828FD8DE20077AF30 /* List */ = {
			isa = PBXGroup;
			children = (
				C256D03828FE8C1000733253 /* Detail */,
				C2FAADDA28FD8E0B0077AF30 /* BusinessList.swift */,
				C2FAADDC28FD90F60077AF30 /* BusinessSectionHeader.swift */,
				C2FAADDE28FD92180077AF30 /* BusinessSection.swift */,
				C2FAADE028FD98030077AF30 /* BusinessRow.swift */,
			);
			path = List;
			sourceTree = "<group>";
		};
		C2FAADD928FD8DED0077AF30 /* Detail */ = {
			isa = PBXGroup;
			children = (
			);
			path = Detail;
			sourceTree = "<group>";
		};
/* End PBXGroup section */

/* Begin PBXNativeTarget section */
		C2FAADB428FD417F0077AF30 /* SightSee */ = {
			isa = PBXNativeTarget;
			buildConfigurationList = C2FAADC328FD41890077AF30 /* Build configuration list for PBXNativeTarget "SightSee" */;
			buildPhases = (
				C2FAADB128FD417F0077AF30 /* Sources */,
				C2FAADB228FD417F0077AF30 /* Frameworks */,
				C2FAADB328FD417F0077AF30 /* Resources */,
			);
			buildRules = (
			);
			dependencies = (
			);
			name = SightSee;
			productName = SightSee;
			productReference = C2FAADB528FD417F0077AF30 /* SightSee.app */;
			productType = "com.apple.product-type.application";
		};
/* End PBXNativeTarget section */

/* Begin PBXProject section */
		C2FAADAD28FD417F0077AF30 /* Project object */ = {
			isa = PBXProject;
			attributes = {
				BuildIndependentTargetsInParallel = 1;
				LastSwiftUpdateCheck = 1400;
				LastUpgradeCheck = 1400;
				TargetAttributes = {
					C2FAADB428FD417F0077AF30 = {
						CreatedOnToolsVersion = 14.0.1;
					};
				};
			};
			buildConfigurationList = C2FAADB028FD417F0077AF30 /* Build configuration list for PBXProject "SightSee" */;
			compatibilityVersion = "Xcode 14.0";
			developmentRegion = en;
			hasScannedForEncodings = 0;
			knownRegions = (
				en,
				Base,
			);
			mainGroup = C2FAADAC28FD417F0077AF30;
			productRefGroup = C2FAADB628FD417F0077AF30 /* Products */;
			projectDirPath = "";
			projectRoot = "";
			targets = (
				C2FAADB428FD417F0077AF30 /* SightSee */,
			);
		};
/* End PBXProject section */

/* Begin PBXResourcesBuildPhase section */
		C2FAADB328FD417F0077AF30 /* Resources */ = {
			isa = PBXResourcesBuildPhase;
			buildActionMask = 2147483647;
			files = (
				C2FAADC028FD41890077AF30 /* Preview Assets.xcassets in Resources */,
				C2FAADBD28FD41890077AF30 /* Assets.xcassets in Resources */,
			);
			runOnlyForDeploymentPostprocessing = 0;
		};
/* End PBXResourcesBuildPhase section */

/* Begin PBXSourcesBuildPhase section */
		C2FAADB128FD417F0077AF30 /* Sources */ = {
			isa = PBXSourcesBuildPhase;
			buildActionMask = 2147483647;
			files = (
				C2FAADBB28FD417F0077AF30 /* LaunchView.swift in Sources */,
				C2FAADE128FD98030077AF30 /* BusinessRow.swift in Sources */,
				C2FAADD728FD88190077AF30 /* HomeView.swift in Sources */,
				C2FAADCC28FD776F0077AF30 /* Business.swift in Sources */,
				C2FAADDD28FD90F60077AF30 /* BusinessSectionHeader.swift in Sources */,
				C2FAADB928FD417F0077AF30 /* SightSeeApp.swift in Sources */,
				C256D03A28FE8C3A00733253 /* BusinessDetail.swift in Sources */,
				C2FAADCE28FD7A490077AF30 /* BusinessSearch.swift in Sources */,
				C2FAADDB28FD8E0C0077AF30 /* BusinessList.swift in Sources */,
				C256D03D28FE9AEA00733253 /* BusinessMap.swift in Sources */,
				C2FAADDF28FD92180077AF30 /* BusinessSection.swift in Sources */,
				C2FAADCA28FD43E90077AF30 /* ContentModel.swift in Sources */,
				C2FAADD128FD84BB0077AF30 /* Constants.swift in Sources */,
			);
			runOnlyForDeploymentPostprocessing = 0;
		};
/* End PBXSourcesBuildPhase section */

/* Begin XCBuildConfiguration section */
		C2FAADC128FD41890077AF30 /* Debug */ = {
			isa = XCBuildConfiguration;
			buildSettings = {
				ALWAYS_SEARCH_USER_PATHS = NO;
				CLANG_ANALYZER_NONNULL = YES;
				CLANG_ANALYZER_NUMBER_OBJECT_CONVERSION = YES_AGGRESSIVE;
				CLANG_CXX_LANGUAGE_STANDARD = "gnu++20";
				CLANG_ENABLE_MODULES = YES;
				CLANG_ENABLE_OBJC_ARC = YES;
				CLANG_ENABLE_OBJC_WEAK = YES;
				CLANG_WARN_BLOCK_CAPTURE_AUTORELEASING = YES;
				CLANG_WARN_BOOL_CONVERSION = YES;
				CLANG_WARN_COMMA = YES;
				CLANG_WARN_CONSTANT_CONVERSION = YES;
				CLANG_WARN_DEPRECATED_OBJC_IMPLEMENTATIONS = YES;
				CLANG_WARN_DIRECT_OBJC_ISA_USAGE = YES_ERROR;
				CLANG_WARN_DOCUMENTATION_COMMENTS = YES;
				CLANG_WARN_EMPTY_BODY = YES;
				CLANG_WARN_ENUM_CONVERSION = YES;
				CLANG_WARN_INFINITE_RECURSION = YES;
				CLANG_WARN_INT_CONVERSION = YES;
				CLANG_WARN_NON_LITERAL_NULL_CONVERSION = YES;
				CLANG_WARN_OBJC_IMPLICIT_RETAIN_SELF = YES;
				CLANG_WARN_OBJC_LITERAL_CONVERSION = YES;
				CLANG_WARN_OBJC_ROOT_CLASS = YES_ERROR;
				CLANG_WARN_QUOTED_INCLUDE_IN_FRAMEWORK_HEADER = YES;
				CLANG_WARN_RANGE_LOOP_ANALYSIS = YES;
				CLANG_WARN_STRICT_PROTOTYPES = YES;
				CLANG_WARN_SUSPICIOUS_MOVE = YES;
				CLANG_WARN_UNGUARDED_AVAILABILITY = YES_AGGRESSIVE;
				CLANG_WARN_UNREACHABLE_CODE = YES;
				CLANG_WARN__DUPLICATE_METHOD_MATCH = YES;
				COPY_PHASE_STRIP = NO;
				DEBUG_INFORMATION_FORMAT = dwarf;
				ENABLE_STRICT_OBJC_MSGSEND = YES;
				ENABLE_TESTABILITY = YES;
				GCC_C_LANGUAGE_STANDARD = gnu11;
				GCC_DYNAMIC_NO_PIC = NO;
				GCC_NO_COMMON_BLOCKS = YES;
				GCC_OPTIMIZATION_LEVEL = 0;
				GCC_PREPROCESSOR_DEFINITIONS = (
					"DEBUG=1",
					"$(inherited)",
				);
				GCC_WARN_64_TO_32_BIT_CONVERSION = YES;
				GCC_WARN_ABOUT_RETURN_TYPE = YES_ERROR;
				GCC_WARN_UNDECLARED_SELECTOR = YES;
				GCC_WARN_UNINITIALIZED_AUTOS = YES_AGGRESSIVE;
				GCC_WARN_UNUSED_FUNCTION = YES;
				GCC_WARN_UNUSED_VARIABLE = YES;
				IPHONEOS_DEPLOYMENT_TARGET = 16.0;
				MTL_ENABLE_DEBUG_INFO = INCLUDE_SOURCE;
				MTL_FAST_MATH = YES;
				ONLY_ACTIVE_ARCH = YES;
				SDKROOT = iphoneos;
				SWIFT_ACTIVE_COMPILATION_CONDITIONS = DEBUG;
				SWIFT_OPTIMIZATION_LEVEL = "-Onone";
			};
			name = Debug;
		};
		C2FAADC228FD41890077AF30 /* Release */ = {
			isa = XCBuildConfiguration;
			buildSettings = {
				ALWAYS_SEARCH_USER_PATHS = NO;
				CLANG_ANALYZER_NONNULL = YES;
				CLANG_ANALYZER_NUMBER_OBJECT_CONVERSION = YES_AGGRESSIVE;
				CLANG_CXX_LANGUAGE_STANDARD = "gnu++20";
				CLANG_ENABLE_MODULES = YES;
				CLANG_ENABLE_OBJC_ARC = YES;
				CLANG_ENABLE_OBJC_WEAK = YES;
				CLANG_WARN_BLOCK_CAPTURE_AUTORELEASING = YES;
				CLANG_WARN_BOOL_CONVERSION = YES;
				CLANG_WARN_COMMA = YES;
				CLANG_WARN_CONSTANT_CONVERSION = YES;
				CLANG_WARN_DEPRECATED_OBJC_IMPLEMENTATIONS = YES;
				CLANG_WARN_DIRECT_OBJC_ISA_USAGE = YES_ERROR;
				CLANG_WARN_DOCUMENTATION_COMMENTS = YES;
				CLANG_WARN_EMPTY_BODY = YES;
				CLANG_WARN_ENUM_CONVERSION = YES;
				CLANG_WARN_INFINITE_RECURSION = YES;
				CLANG_WARN_INT_CONVERSION = YES;
				CLANG_WARN_NON_LITERAL_NULL_CONVERSION = YES;
				CLANG_WARN_OBJC_IMPLICIT_RETAIN_SELF = YES;
				CLANG_WARN_OBJC_LITERAL_CONVERSION = YES;
				CLANG_WARN_OBJC_ROOT_CLASS = YES_ERROR;
				CLANG_WARN_QUOTED_INCLUDE_IN_FRAMEWORK_HEADER = YES;
				CLANG_WARN_RANGE_LOOP_ANALYSIS = YES;
				CLANG_WARN_STRICT_PROTOTYPES = YES;
				CLANG_WARN_SUSPICIOUS_MOVE = YES;
				CLANG_WARN_UNGUARDED_AVAILABILITY = YES_AGGRESSIVE;
				CLANG_WARN_UNREACHABLE_CODE = YES;
				CLANG_WARN__DUPLICATE_METHOD_MATCH = YES;
				COPY_PHASE_STRIP = NO;
				DEBUG_INFORMATION_FORMAT = "dwarf-with-dsym";
				ENABLE_NS_ASSERTIONS = NO;
				ENABLE_STRICT_OBJC_MSGSEND = YES;
				GCC_C_LANGUAGE_STANDARD = gnu11;
				GCC_NO_COMMON_BLOCKS = YES;
				GCC_WARN_64_TO_32_BIT_CONVERSION = YES;
				GCC_WARN_ABOUT_RETURN_TYPE = YES_ERROR;
				GCC_WARN_UNDECLARED_SELECTOR = YES;
				GCC_WARN_UNINITIALIZED_AUTOS = YES_AGGRESSIVE;
				GCC_WARN_UNUSED_FUNCTION = YES;
				GCC_WARN_UNUSED_VARIABLE = YES;
				IPHONEOS_DEPLOYMENT_TARGET = 16.0;
				MTL_ENABLE_DEBUG_INFO = NO;
				MTL_FAST_MATH = YES;
				SDKROOT = iphoneos;
				SWIFT_COMPILATION_MODE = wholemodule;
				SWIFT_OPTIMIZATION_LEVEL = "-O";
				VALIDATE_PRODUCT = YES;
			};
			name = Release;
		};
		C2FAADC428FD41890077AF30 /* Debug */ = {
			isa = XCBuildConfiguration;
			buildSettings = {
				ASSETCATALOG_COMPILER_APPICON_NAME = AppIcon;
				ASSETCATALOG_COMPILER_GLOBAL_ACCENT_COLOR_NAME = AccentColor;
				CODE_SIGN_STYLE = Automatic;
				CURRENT_PROJECT_VERSION = 1;
				DEVELOPMENT_ASSET_PATHS = "\"SightSee/Preview Content\"";
				DEVELOPMENT_TEAM = BL54WB62T6;
				ENABLE_PREVIEWS = YES;
				GENERATE_INFOPLIST_FILE = YES;
				INFOPLIST_KEY_NSLocationWhenInUseUsageDescription = "Permission to find restuarants and sights near you.";
				INFOPLIST_KEY_UIApplicationSceneManifest_Generation = YES;
				INFOPLIST_KEY_UIApplicationSupportsIndirectInputEvents = YES;
				INFOPLIST_KEY_UILaunchScreen_Generation = YES;
				INFOPLIST_KEY_UISupportedInterfaceOrientations_iPad = "UIInterfaceOrientationPortrait UIInterfaceOrientationPortraitUpsideDown UIInterfaceOrientationLandscapeLeft UIInterfaceOrientationLandscapeRight";
				INFOPLIST_KEY_UISupportedInterfaceOrientations_iPhone = "UIInterfaceOrientationPortrait UIInterfaceOrientationLandscapeLeft UIInterfaceOrientationLandscapeRight";
				LD_RUNPATH_SEARCH_PATHS = (
					"$(inherited)",
					"@executable_path/Frameworks",
				);
				MARKETING_VERSION = 1.0;
				PRODUCT_BUNDLE_IDENTIFIER = com.boshoffcorp.SightSee;
				PRODUCT_NAME = "$(TARGET_NAME)";
				SWIFT_EMIT_LOC_STRINGS = YES;
				SWIFT_VERSION = 5.0;
				TARGETED_DEVICE_FAMILY = "1,2";
			};
			name = Debug;
		};
		C2FAADC528FD41890077AF30 /* Release */ = {
			isa = XCBuildConfiguration;
			buildSettings = {
				ASSETCATALOG_COMPILER_APPICON_NAME = AppIcon;
				ASSETCATALOG_COMPILER_GLOBAL_ACCENT_COLOR_NAME = AccentColor;
				CODE_SIGN_STYLE = Automatic;
				CURRENT_PROJECT_VERSION = 1;
				DEVELOPMENT_ASSET_PATHS = "\"SightSee/Preview Content\"";
				DEVELOPMENT_TEAM = BL54WB62T6;
				ENABLE_PREVIEWS = YES;
				GENERATE_INFOPLIST_FILE = YES;
				INFOPLIST_KEY_NSLocationWhenInUseUsageDescription = "Permission to find restuarants and sights near you.";
				INFOPLIST_KEY_UIApplicationSceneManifest_Generation = YES;
				INFOPLIST_KEY_UIApplicationSupportsIndirectInputEvents = YES;
				INFOPLIST_KEY_UILaunchScreen_Generation = YES;
				INFOPLIST_KEY_UISupportedInterfaceOrientations_iPad = "UIInterfaceOrientationPortrait UIInterfaceOrientationPortraitUpsideDown UIInterfaceOrientationLandscapeLeft UIInterfaceOrientationLandscapeRight";
				INFOPLIST_KEY_UISupportedInterfaceOrientations_iPhone = "UIInterfaceOrientationPortrait UIInterfaceOrientationLandscapeLeft UIInterfaceOrientationLandscapeRight";
				LD_RUNPATH_SEARCH_PATHS = (
					"$(inherited)",
					"@executable_path/Frameworks",
				);
				MARKETING_VERSION = 1.0;
				PRODUCT_BUNDLE_IDENTIFIER = com.boshoffcorp.SightSee;
				PRODUCT_NAME = "$(TARGET_NAME)";
				SWIFT_EMIT_LOC_STRINGS = YES;
				SWIFT_VERSION = 5.0;
				TARGETED_DEVICE_FAMILY = "1,2";
			};
			name = Release;
		};
/* End XCBuildConfiguration section */

/* Begin XCConfigurationList section */
		C2FAADB028FD417F0077AF30 /* Build configuration list for PBXProject "SightSee" */ = {
			isa = XCConfigurationList;
			buildConfigurations = (
				C2FAADC128FD41890077AF30 /* Debug */,
				C2FAADC228FD41890077AF30 /* Release */,
			);
			defaultConfigurationIsVisible = 0;
			defaultConfigurationName = Release;
		};
		C2FAADC328FD41890077AF30 /* Build configuration list for PBXNativeTarget "SightSee" */ = {
			isa = XCConfigurationList;
			buildConfigurations = (
				C2FAADC428FD41890077AF30 /* Debug */,
				C2FAADC528FD41890077AF30 /* Release */,
			);
			defaultConfigurationIsVisible = 0;
			defaultConfigurationName = Release;
		};
/* End XCConfigurationList section */
	};
	rootObject = C2FAADAD28FD417F0077AF30 /* Project object */;
}
